
Microsoft Visual Studio Solution File, Format Version 12.00
# Visual Studio Version 17
VisualStudioVersion = 17.8.34408.163
MinimumVisualStudioVersion = 10.0.40219.1
Project("{9A19103F-16F7-4668-BE54-9A1E7A4F7556}") = "Novalite.Todo.Shared", "Novalite.Todo.Shared.csproj", "{66A89B12-6A1C-4A90-9FC0-0CAF2DD0FD04}"
EndProject
Project("{9A19103F-16F7-4668-BE54-9A1E7A4F7556}") = "NovaLite.Todo.Api", "..\NovaLite.Todo.Api\NovaLite.Todo.Api.csproj", "{F80A611A-FE05-42DF-89B9-63154CAEBD9F}"
EndProject
Project("{FAE04EC0-301F-11D3-BF4B-00C04F79EFBC}") = "NovaLite.Todo.Reminder", "..\WorkerService1\NovaLite.Todo.Reminder.csproj", "{F5DDCEB5-D316-40C2-BB51-8FB2D18CFE55}"
EndProject
Global
	GlobalSection(SolutionConfigurationPlatforms) = preSolution
		Debug|Any CPU = Debug|Any CPU
		Release|Any CPU = Release|Any CPU
	EndGlobalSection
	GlobalSection(ProjectConfigurationPlatforms) = postSolution
		{66A89B12-6A1C-4A90-9FC0-0CAF2DD0FD04}.Debug|Any CPU.ActiveCfg = Debug|Any CPU
		{66A89B12-6A1C-4A90-9FC0-0CAF2DD0FD04}.Debug|Any CPU.Build.0 = Debug|Any CPU
		{66A89B12-6A1C-4A90-9FC0-0CAF2DD0FD04}.Release|Any CPU.ActiveCfg = Release|Any CPU
		{66A89B12-6A1C-4A90-9FC0-0CAF2DD0FD04}.Release|Any CPU.Build.0 = Release|Any CPU
		{F80A611A-FE05-42DF-89B9-63154CAEBD9F}.Debug|Any CPU.ActiveCfg = Debug|Any CPU
		{F80A611A-FE05-42DF-89B9-63154CAEBD9F}.Debug|Any CPU.Build.0 = Debug|Any CPU
		{F80A611A-FE05-42DF-89B9-63154CAEBD9F}.Release|Any CPU.ActiveCfg = Release|Any CPU
		{F80A611A-FE05-42DF-89B9-63154CAEBD9F}.Release|Any CPU.Build.0 = Release|Any CPU
		{F5DDCEB5-D316-40C2-BB51-8FB2D18CFE55}.Debug|Any CPU.ActiveCfg = Debug|Any CPU
		{F5DDCEB5-D316-40C2-BB51-8FB2D18CFE55}.Debug|Any CPU.Build.0 = Debug|Any CPU
		{F5DDCEB5-D316-40C2-BB51-8FB2D18CFE55}.Release|Any CPU.ActiveCfg = Release|Any CPU
		{F5DDCEB5-D316-40C2-BB51-8FB2D18CFE55}.Release|Any CPU.Build.0 = Release|Any CPU
	EndGlobalSection
	GlobalSection(SolutionProperties) = preSolution
		HideSolutionNode = FALSE
	EndGlobalSection
	GlobalSection(ExtensibilityGlobals) = postSolution
		SolutionGuid = {2A6CF9D5-59CA-4CF3-ACBB-96F73D7AF447}
	EndGlobalSection
EndGlobal
